// !$*UTF8*$!
{
	archiveVersion = 1;
	classes = {
	};
	objectVersion = 46;
	objects = {

/* Begin PBXBuildFile section */
		4C6F83051E10471000824289 /* birds.atlas in Resources */ = {isa = PBXBuildFile; fileRef = 4C6F83041E10471000824289 /* birds.atlas */; };
		4CDD44FC1E0E10B2004CFD06 /* AppDelegate.swift in Sources */ = {isa = PBXBuildFile; fileRef = 4CDD44FB1E0E10B2004CFD06 /* AppDelegate.swift */; };
		4CDD45021E0E10B2004CFD06 /* GameScene.swift in Sources */ = {isa = PBXBuildFile; fileRef = 4CDD45011E0E10B2004CFD06 /* GameScene.swift */; };
		4CDD45041E0E10B2004CFD06 /* GameViewController.swift in Sources */ = {isa = PBXBuildFile; fileRef = 4CDD45031E0E10B2004CFD06 /* GameViewController.swift */; };
		4CDD45071E0E10B2004CFD06 /* Main.storyboard in Resources */ = {isa = PBXBuildFile; fileRef = 4CDD45051E0E10B2004CFD06 /* Main.storyboard */; };
		4CDD45091E0E10B2004CFD06 /* Assets.xcassets in Resources */ = {isa = PBXBuildFile; fileRef = 4CDD45081E0E10B2004CFD06 /* Assets.xcassets */; };
		4CDD450C1E0E10B2004CFD06 /* LaunchScreen.storyboard in Resources */ = {isa = PBXBuildFile; fileRef = 4CDD450A1E0E10B2004CFD06 /* LaunchScreen.storyboard */; };
		4CE960B01E0F8BAF00BB5878 /* sfx_die.wav in Resources */ = {isa = PBXBuildFile; fileRef = 4CE960AC1E0F8BAF00BB5878 /* sfx_die.wav */; };
		4CE960B11E0F8BAF00BB5878 /* sfx_hit.wav in Resources */ = {isa = PBXBuildFile; fileRef = 4CE960AD1E0F8BAF00BB5878 /* sfx_hit.wav */; };
		4CE960B21E0F8BAF00BB5878 /* sfx_point.wav in Resources */ = {isa = PBXBuildFile; fileRef = 4CE960AE1E0F8BAF00BB5878 /* sfx_point.wav */; };
		4CE960B31E0F8BAF00BB5878 /* sfx_wing.wav in Resources */ = {isa = PBXBuildFile; fileRef = 4CE960AF1E0F8BAF00BB5878 /* sfx_wing.wav */; };
/* End PBXBuildFile section */

/* Begin PBXFileReference section */
		4C6F83041E10471000824289 /* birds.atlas */ = {isa = PBXFileReference; lastKnownFileType = folder.skatlas; path = birds.atlas; sourceTree = "<group>"; };
		4CDD44F81E0E10B2004CFD06 /* Game2.app */ = {isa = PBXFileReference; explicitFileType = wrapper.application; includeInIndex = 0; path = Game2.app; sourceTree = BUILT_PRODUCTS_DIR; };
		4CDD44FB1E0E10B2004CFD06 /* AppDelegate.swift */ = {isa = PBXFileReference; lastKnownFileType = sourcecode.swift; path = AppDelegate.swift; sourceTree = "<group>"; };
		4CDD45011E0E10B2004CFD06 /* GameScene.swift */ = {isa = PBXFileReference; lastKnownFileType = sourcecode.swift; path = GameScene.swift; sourceTree = "<group>"; };
		4CDD45031E0E10B2004CFD06 /* GameViewController.swift */ = {isa = PBXFileReference; lastKnownFileType = sourcecode.swift; path = GameViewController.swift; sourceTree = "<group>"; };
		4CDD45061E0E10B2004CFD06 /* Base */ = {isa = PBXFileReference; lastKnownFileType = file.storyboard; name = Base; path = Base.lproj/Main.storyboard; sourceTree = "<group>"; };
		4CDD45081E0E10B2004CFD06 /* Assets.xcassets */ = {isa = PBXFileReference; lastKnownFileType = folder.assetcatalog; path = Assets.xcassets; sourceTree = "<group>"; };
		4CDD450B1E0E10B2004CFD06 /* Base */ = {isa = PBXFileReference; lastKnownFileType = file.storyboard; name = Base; path = Base.lproj/LaunchScreen.storyboard; sourceTree = "<group>"; };
		4CDD450D1E0E10B2004CFD06 /* Info.plist */ = {isa = PBXFileReference; lastKnownFileType = text.plist.xml; path = Info.plist; sourceTree = "<group>"; };
		4CE960AC1E0F8BAF00BB5878 /* sfx_die.wav */ = {isa = PBXFileReference; lastKnownFileType = audio.wav; path = sfx_die.wav; sourceTree = "<group>"; };
		4CE960AD1E0F8BAF00BB5878 /* sfx_hit.wav */ = {isa = PBXFileReference; lastKnownFileType = audio.wav; path = sfx_hit.wav; sourceTree = "<group>"; };
		4CE960AE1E0F8BAF00BB5878 /* sfx_point.wav */ = {isa = PBXFileReference; lastKnownFileType = audio.wav; path = sfx_point.wav; sourceTree = "<group>"; };
		4CE960AF1E0F8BAF00BB5878 /* sfx_wing.wav */ = {isa = PBXFileReference; lastKnownFileType = audio.wav; path = sfx_wing.wav; sourceTree = "<group>"; };
/* End PBXFileReference section */

/* Begin PBXFrameworksBuildPhase section */
		4CDD44F51E0E10B2004CFD06 /* Frameworks */ = {
			isa = PBXFrameworksBuildPhase;
			buildActionMask = 2147483647;
			files = (
			);
			runOnlyForDeploymentPostprocessing = 0;
		};
/* End PBXFrameworksBuildPhase section */

/* Begin PBXGroup section */
		4CDD44EF1E0E10B2004CFD06 = {
			isa = PBXGroup;
			children = (
				4CDD44FA1E0E10B2004CFD06 /* Game2 */,
				4CDD44F91E0E10B2004CFD06 /* Products */,
			);
			sourceTree = "<group>";
		};
		4CDD44F91E0E10B2004CFD06 /* Products */ = {
			isa = PBXGroup;
			children = (
				4CDD44F81E0E10B2004CFD06 /* Game2.app */,
			);
			name = Products;
			sourceTree = "<group>";
		};
		4CDD44FA1E0E10B2004CFD06 /* Game2 */ = {
			isa = PBXGroup;
			children = (
				4CDD44FB1E0E10B2004CFD06 /* AppDelegate.swift */,
				4CDD45011E0E10B2004CFD06 /* GameScene.swift */,
				4CDD45031E0E10B2004CFD06 /* GameViewController.swift */,
				4C6F83041E10471000824289 /* birds.atlas */,
				4CDD45051E0E10B2004CFD06 /* Main.storyboard */,
				4CDD45081E0E10B2004CFD06 /* Assets.xcassets */,
				4CE960AB1E0F8BAF00BB5878 /* sound */,
				4CDD450A1E0E10B2004CFD06 /* LaunchScreen.storyboard */,
				4CDD450D1E0E10B2004CFD06 /* Info.plist */,
			);
			path = Game2;
			sourceTree = "<group>";
		};
		4CE960AB1E0F8BAF00BB5878 /* sound */ = {
			isa = PBXGroup;
			children = (
				4CE960AC1E0F8BAF00BB5878 /* sfx_die.wav */,
				4CE960AD1E0F8BAF00BB5878 /* sfx_hit.wav */,
				4CE960AE1E0F8BAF00BB5878 /* sfx_point.wav */,
				4CE960AF1E0F8BAF00BB5878 /* sfx_wing.wav */,
			);
			path = sound;
			sourceTree = "<group>";
		};
/* End PBXGroup section */

/* Begin PBXNativeTarget section */
		4CDD44F71E0E10B2004CFD06 /* Game2 */ = {
			isa = PBXNativeTarget;
			buildConfigurationList = 4CDD45101E0E10B2004CFD06 /* Build configuration list for PBXNativeTarget "Game2" */;
			buildPhases = (
				4CDD44F41E0E10B2004CFD06 /* Sources */,
				4CDD44F51E0E10B2004CFD06 /* Frameworks */,
				4CDD44F61E0E10B2004CFD06 /* Resources */,
			);
			buildRules = (
			);
			dependencies = (
			);
			name = Game2;
			productName = Game2;
			productReference = 4CDD44F81E0E10B2004CFD06 /* Game2.app */;
			productType = "com.apple.product-type.application";
		};
/* End PBXNativeTarget section */

/* Begin PBXProject section */
		4CDD44F01E0E10B2004CFD06 /* Project object */ = {
			isa = PBXProject;
			attributes = {
				LastSwiftUpdateCheck = 0820;
				LastUpgradeCheck = 0820;
				ORGANIZATIONNAME = "Dinh Cong Thang";
				TargetAttributes = {
					4CDD44F71E0E10B2004CFD06 = {
						CreatedOnToolsVersion = 8.2.1;
						DevelopmentTeam = 2F58B4RZKL;
						ProvisioningStyle = Automatic;
					};
				};
			};
			buildConfigurationList = 4CDD44F31E0E10B2004CFD06 /* Build configuration list for PBXProject "Game2" */;
			compatibilityVersion = "Xcode 3.2";
			developmentRegion = English;
			hasScannedForEncodings = 0;
			knownRegions = (
				en,
				Base,
			);
			mainGroup = 4CDD44EF1E0E10B2004CFD06;
			productRefGroup = 4CDD44F91E0E10B2004CFD06 /* Products */;
			projectDirPath = "";
			projectRoot = "";
			targets = (
				4CDD44F71E0E10B2004CFD06 /* Game2 */,
			);
		};
/* End PBXProject section */

/* Begin PBXResourcesBuildPhase section */
		4CDD44F61E0E10B2004CFD06 /* Resources */ = {
			isa = PBXResourcesBuildPhase;
			buildActionMask = 2147483647;
			files = (
				4CDD45071E0E10B2004CFD06 /* Main.storyboard in Resources */,
				4CE960B21E0F8BAF00BB5878 /* sfx_point.wav in Resources */,
				4C6F83051E10471000824289 /* birds.atlas in Resources */,
				4CE960B31E0F8BAF00BB5878 /* sfx_wing.wav in Resources */,
				4CE960B01E0F8BAF00BB5878 /* sfx_die.wav in Resources */,
				4CE960B11E0F8BAF00BB5878 /* sfx_hit.wav in Resources */,
				4CDD45091E0E10B2004CFD06 /* Assets.xcassets in Resources */,
				4CDD450C1E0E10B2004CFD06 /* LaunchScreen.storyboard in Resources */,
			);
			runOnlyForDeploymentPostprocessing = 0;
		};
/* End PBXResourcesBuildPhase section */

/* Begin PBXSourcesBuildPhase section */
		4CDD44F41E0E10B2004CFD06 /* Sources */ = {
			isa = PBXSourcesBuildPhase;
			buildActionMask = 2147483647;
			files = (
				4CDD45021E0E10B2004CFD06 /* GameScene.swift in Sources */,
				4CDD45041E0E10B2004CFD06 /* GameViewController.swift in Sources */,
				4CDD44FC1E0E10B2004CFD06 /* AppDelegate.swift in Sources */,
			);
			runOnlyForDeploymentPostprocessing = 0;
		};
/* End PBXSourcesBuildPhase section */

/* Begin PBXVariantGroup section */
		4CDD45051E0E10B2004CFD06 /* Main.storyboard */ = {
			isa = PBXVariantGroup;
			children = (
				4CDD45061E0E10B2004CFD06 /* Base */,
			);
			name = Main.storyboard;
			sourceTree = "<group>";
		};
		4CDD450A1E0E10B2004CFD06 /* LaunchScreen.storyboard */ = {
			isa = PBXVariantGroup;
			children = (
				4CDD450B1E0E10B2004CFD06 /* Base */,
			);
			name = LaunchScreen.storyboard;
			sourceTree = "<group>";
		};
/* End PBXVariantGroup section */

/* Begin XCBuildConfiguration section */
		4CDD450E1E0E10B2004CFD06 /* Debug */ = {
			isa = XCBuildConfiguration;
			buildSettings = {
				ALWAYS_SEARCH_USER_PATHS = NO;
				CLANG_ANALYZER_NONNULL = YES;
				CLANG_CXX_LANGUAGE_STANDARD = "gnu++0x";
				CLANG_CXX_LIBRARY = "libc++";
				CLANG_ENABLE_MODULES = YES;
				CLANG_ENABLE_OBJC_ARC = YES;
				CLANG_WARN_BOOL_CONVERSION = YES;
				CLANG_WARN_CONSTANT_CONVERSION = YES;
				CLANG_WARN_DIRECT_OBJC_ISA_USAGE = YES_ERROR;
				CLANG_WARN_DOCUMENTATION_COMMENTS = YES;
				CLANG_WARN_EMPTY_BODY = YES;
				CLANG_WARN_ENUM_CONVERSION = YES;
				CLANG_WARN_INFINITE_RECURSION = YES;
				CLANG_WARN_INT_CONVERSION = YES;
				CLANG_WARN_OBJC_ROOT_CLASS = YES_ERROR;
				CLANG_WARN_SUSPICIOUS_MOVE = YES;
				CLANG_WARN_UNREACHABLE_CODE = YES;
				CLANG_WARN__DUPLICATE_METHOD_MATCH = YES;
				"CODE_SIGN_IDENTITY[sdk=iphoneos*]" = "iPhone Developer";
				COPY_PHASE_STRIP = NO;
				DEBUG_INFORMATION_FORMAT = dwarf;
				ENABLE_STRICT_OBJC_MSGSEND = YES;
				ENABLE_TESTABILITY = YES;
				GCC_C_LANGUAGE_STANDARD = gnu99;
				GCC_DYNAMIC_NO_PIC = NO;
				GCC_NO_COMMON_BLOCKS = YES;
				GCC_OPTIMIZATION_LEVEL = 0;
				GCC_PREPROCESSOR_DEFINITIONS = (
					"DEBUG=1",
					"$(inherited)",
				);
				GCC_WARN_64_TO_32_BIT_CONVERSION = YES;
				GCC_WARN_ABOUT_RETURN_TYPE = YES_ERROR;
				GCC_WARN_UNDECLARED_SELECTOR = YES;
				GCC_WARN_UNINITIALIZED_AUTOS = YES_AGGRESSIVE;
				GCC_WARN_UNUSED_FUNCTION = YES;
				GCC_WARN_UNUSED_VARIABLE = YES;
				IPHONEOS_DEPLOYMENT_TARGET = 10.2;
				MTL_ENABLE_DEBUG_INFO = YES;
				ONLY_ACTIVE_ARCH = YES;
				SDKROOT = iphoneos;
				SWIFT_ACTIVE_COMPILATION_CONDITIONS = DEBUG;
				SWIFT_OPTIMIZATION_LEVEL = "-Onone";
				TARGETED_DEVICE_FAMILY = "1,2";
			};
			name = Debug;
		};
		4CDD450F1E0E10B2004CFD06 /* Release */ = {
			isa = XCBuildConfiguration;
			buildSettings = {
				ALWAYS_SEARCH_USER_PATHS = NO;
				CLANG_ANALYZER_NONNULL = YES;
				CLANG_CXX_LANGUAGE_STANDARD = "gnu++0x";
				CLANG_CXX_LIBRARY = "libc++";
				CLANG_ENABLE_MODULES = YES;
				CLANG_ENABLE_OBJC_ARC = YES;
				CLANG_WARN_BOOL_CONVERSION = YES;
				CLANG_WARN_CONSTANT_CONVERSION = YES;
				CLANG_WARN_DIRECT_OBJC_ISA_USAGE = YES_ERROR;
				CLANG_WARN_DOCUMENTATION_COMMENTS = YES;
				CLANG_WARN_EMPTY_BODY = YES;
				CLANG_WARN_ENUM_CONVERSION = YES;
				CLANG_WARN_INFINITE_RECURSION = YES;
				CLANG_WARN_INT_CONVERSION = YES;
				CLANG_WARN_OBJC_ROOT_CLASS = YES_ERROR;
				CLANG_WARN_SUSPICIOUS_MOVE = YES;
				CLANG_WARN_UNREACHABLE_CODE = YES;
				CLANG_WARN__DUPLICATE_METHOD_MATCH = YES;
				"CODE_SIGN_IDENTITY[sdk=iphoneos*]" = "iPhone Developer";
				COPY_PHASE_STRIP = NO;
				DEBUG_INFORMATION_FORMAT = "dwarf-with-dsym";
				ENABLE_NS_ASSERTIONS = NO;
				ENABLE_STRICT_OBJC_MSGSEND = YES;
				GCC_C_LANGUAGE_STANDARD = gnu99;
				GCC_NO_COMMON_BLOCKS = YES;
				GCC_WARN_64_TO_32_BIT_CONVERSION = YES;
				GCC_WARN_ABOUT_RETURN_TYPE = YES_ERROR;
				GCC_WARN_UNDECLARED_SELECTOR = YES;
				GCC_WARN_UNINITIALIZED_AUTOS = YES_AGGRESSIVE;
				GCC_WARN_UNUSED_FUNCTION = YES;
				GCC_WARN_UNUSED_VARIABLE = YES;
				IPHONEOS_DEPLOYMENT_TARGET = 10.2;
				MTL_ENABLE_DEBUG_INFO = NO;
				SDKROOT = iphoneos;
				SWIFT_OPTIMIZATION_LEVEL = "-Owholemodule";
				TARGETED_DEVICE_FAMILY = "1,2";
				VALIDATE_PRODUCT = YES;
			};
			name = Release;
		};
		4CDD45111E0E10B2004CFD06 /* Debug */ = {
			isa = XCBuildConfiguration;
			buildSettings = {
				ASSETCATALOG_COMPILER_APPICON_NAME = AppIcon;
				DEVELOPMENT_TEAM = 2F58B4RZKL;
				INFOPLIST_FILE = Game2/Info.plist;
				IPHONEOS_DEPLOYMENT_TARGET = 10.1;
				LD_RUNPATH_SEARCH_PATHS = "$(inherited) @executable_path/Frameworks";
				PRODUCT_BUNDLE_IDENTIFIER = LilcaSoft.Game2;
				PRODUCT_NAME = "$(TARGET_NAME)";
				SWIFT_VERSION = 3.0;
			};
			name = Debug;
		};
		4CDD45121E0E10B2004CFD06 /* Release */ = {
			isa = XCBuildConfiguration;
			buildSettings = {
				ASSETCATALOG_COMPILER_APPICON_NAME = AppIcon;
				DEVELOPMENT_TEAM = 2F58B4RZKL;
				INFOPLIST_FILE = Game2/Info.plist;
				IPHONEOS_DEPLOYMENT_TARGET = 10.1;
				LD_RUNPATH_SEARCH_PATHS = "$(inherited) @executable_path/Frameworks";
				PRODUCT_BUNDLE_IDENTIFIER = LilcaSoft.Game2;
				PRODUCT_NAME = "$(TARGET_NAME)";
				SWIFT_VERSION = 3.0;
			};
			name = Release;
		};
/* End XCBuildConfiguration section */

/* Begin XCConfigurationList section */
		4CDD44F31E0E10B2004CFD06 /* Build configuration list for PBXProject "Game2" */ = {
			isa = XCConfigurationList;
			buildConfigurations = (
				4CDD450E1E0E10B2004CFD06 /* Debug */,
				4CDD450F1E0E10B2004CFD06 /* Release */,
			);
			defaultConfigurationIsVisible = 0;
			defaultConfigurationName = Release;
		};
		4CDD45101E0E10B2004CFD06 /* Build configuration list for PBXNativeTarget "Game2" */ = {
			isa = XCConfigurationList;
			buildConfigurations = (
				4CDD45111E0E10B2004CFD06 /* Debug */,
				4CDD45121E0E10B2004CFD06 /* Release */,
			);
			defaultConfigurationIsVisible = 0;
			defaultConfigurationName = Release;
		};
/* End XCConfigurationList section */
	};
	rootObject = 4CDD44F01E0E10B2004CFD06 /* Project object */;
}
